PODS:
  - ADCountryPicker (2.1.0)
  - InputBarAccessoryView (5.5.0):
    - InputBarAccessoryView/Core (= 5.5.0)
  - InputBarAccessoryView/Core (5.5.0)
  - IQKeyboardManagerSwift (6.5.16)
  - JGProgressHUD (2.2)
  - MessageKit (3.8.0):
    - InputBarAccessoryView (~> 5.5.0)

DEPENDENCIES:
  - ADCountryPicker (~> 2.1.0)
  - IQKeyboardManagerSwift
  - JGProgressHUD
  - MessageKit

SPEC REPOS:
  trunk:
    - ADCountryPicker
    - InputBarAccessoryView
    - IQKeyboardManagerSwift
    - JGProgressHUD
    - MessageKit

SPEC CHECKSUMS:
  ADCountryPicker: 502cee76a30ea1c3834eb0df170ce635691655c9
  InputBarAccessoryView: 1d7b0a672b36e370f01f264b3907ef39d03328e3
  IQKeyboardManagerSwift: 12d89768845bb77b55cc092ecc2b1f9370f06b76
  JGProgressHUD: d83d7a981b85d11205e19ff8ad5bb9c40571c847
  MessageKit: a1ba0c69ebead94029867853eb44dd05b9b3f453

PODFILE CHECKSUM: 4e298abe8c675ac3396e4a08d6862e1a30aa1d3b

COCOAPODS: 1.11.2
